
Microsoft Visual Studio Solution File, Format Version 12.00
Project("{FAE04EC0-301F-11D3-BF4B-00C04F79EFBC}") = "AvaloniaApplication8", "AvaloniaApplication8\AvaloniaApplication8.csproj", "{8D17215D-9E6B-4BC2-A3E9-DE04724E79DF}"
EndProject
Global
	GlobalSection(SolutionConfigurationPlatforms) = preSolution
		Debug|Any CPU = Debug|Any CPU
		Release|Any CPU = Release|Any CPU
	EndGlobalSection
	GlobalSection(ProjectConfigurationPlatforms) = postSolution
		{8D17215D-9E6B-4BC2-A3E9-DE04724E79DF}.Debug|Any CPU.ActiveCfg = Debug|Any CPU
		{8D17215D-9E6B-4BC2-A3E9-DE04724E79DF}.Debug|Any CPU.Build.0 = Debug|Any CPU
		{8D17215D-9E6B-4BC2-A3E9-DE04724E79DF}.Release|Any CPU.ActiveCfg = Release|Any CPU
		{8D17215D-9E6B-4BC2-A3E9-DE04724E79DF}.Release|Any CPU.Build.0 = Release|Any CPU
	EndGlobalSection
EndGlobal
